
Microsoft Visual Studio Solution File, Format Version 12.00
# Visual Studio Version 17
VisualStudioVersion = 17.0.31903.59
MinimumVisualStudioVersion = 10.0.40219.1
Project("{9A19103F-16F7-4668-BE54-9A1E7A4F7556}") = "SharedLibrary", "SharedLibrary\SharedLibrary.csproj", "{1491B468-918A-4813-9217-959C9B17D848}"
EndProject
Project("{9A19103F-16F7-4668-BE54-9A1E7A4F7556}") = "CoreLibrary", "CoreLibrary\CoreLibrary.csproj", "{3DFCB7AF-D145-4519-8F6B-83287F36B9AA}"
EndProject
Project("{2150E333-8FDC-42A3-9474-1A3956D46DE8}") = "VendorSubmodule", "VendorSubmodule", "{6EE0D3F7-8F42-47BE-A165-B1A72567567B}"
EndProject
Project("{2150E333-8FDC-42A3-9474-1A3956D46DE8}") = "VendorPackage", "VendorPackage", "{CEFBA140-A6F1-463E-8ACB-AC6E36850449}"
EndProject
Project("{9A19103F-16F7-4668-BE54-9A1E7A4F7556}") = "SilkDotNetWindowApp", "SilkDotNetWindowApp\SilkDotNetWindowApp.csproj", "{8F063888-17EA-4EA7-B58A-83235E3A4E3A}"
EndProject
Project("{2150E333-8FDC-42A3-9474-1A3956D46DE8}") = "Physics", "Physics", "{01C7FC33-97FF-44ED-B901-D2D81CF1B75E}"
EndProject
Project("{2150E333-8FDC-42A3-9474-1A3956D46DE8}") = "ECS", "ECS", "{C64F17D9-9636-4149-BC48-79851B05BB69}"
EndProject
Project("{2150E333-8FDC-42A3-9474-1A3956D46DE8}") = "Graphic", "Graphic", "{C32F1D21-7EAD-45A7-8885-BC85BC29FA90}"
EndProject
Project("{9A19103F-16F7-4668-BE54-9A1E7A4F7556}") = "SilkDotNetLibrary", "VendorPackage\Graphic\SilkDotNetLibrary\SilkDotNetLibrary.csproj", "{CB5E934A-816D-48B7-B21D-8D411F3DF558}"
EndProject
Project("{9A19103F-16F7-4668-BE54-9A1E7A4F7556}") = "BepuPhysicsLibrary", "VendorPackage\Physics\BepuPhysicsLibrary\BepuPhysicsLibrary.csproj", "{F25A3BAB-3A49-49A9-9E2C-6AD01A7559D9}"
EndProject
Project("{9A19103F-16F7-4668-BE54-9A1E7A4F7556}") = "ImageSharpLibrary", "VendorPackage\Graphic\ImageSharpLibrary\ImageSharpLibrary.csproj", "{89A96989-8319-4D65-806B-A5434AE1767C}"
EndProject
Project("{9A19103F-16F7-4668-BE54-9A1E7A4F7556}") = "WaveEngineDotNetLibrary", "VendorPackage\Graphic\WaveEngineDotNetLibrary\WaveEngineDotNetLibrary.csproj", "{CFC09A9F-9D84-4CE0-AF1A-285ED153D3D9}"
EndProject
Project("{9A19103F-16F7-4668-BE54-9A1E7A4F7556}") = "WaveEngineVulkanWindowApp", "WaveEngineVulkanWindowApp\WaveEngineVulkanWindowApp.csproj", "{CFA996BA-F50E-4A6B-9707-266592B74CDA}"
EndProject
Project("{2150E333-8FDC-42A3-9474-1A3956D46DE8}") = "ECS", "ECS", "{1585B333-2D6F-4C9C-92A8-7447AA429027}"
EndProject
Project("{9A19103F-16F7-4668-BE54-9A1E7A4F7556}") = "Leopotam.EcsLite", "VendorPackage\ECS\Leopotam.EcsLite\Leopotam.EcsLite.csproj", "{92547393-1DB9-4104-B14F-04D8B9458B3A}"
EndProject
Project("{9A19103F-16F7-4668-BE54-9A1E7A4F7556}") = "ProceduralGenerationLibrary", "ProceduralGenerationLibrary\ProceduralGenerationLibrary.csproj", "{863CDDAD-0B42-4F56-984D-F3C68181A5A3}"
EndProject
Project("{2150E333-8FDC-42A3-9474-1A3956D46DE8}") = "WinUi3App", "WinUi3App", "{6CC4F47C-8E4B-4C84-A2C9-343874885BB3}"
EndProject
Project("{C7167F0D-BC9F-4E6E-AFE1-012C56B48DB5}") = "WinUi3WindowApp (Package)", "WinUi3WindowApp\WinUi3WindowApp (Package)\WinUi3WindowApp (Package).wapproj", "{C82CE5F6-2108-4A28-BAD4-81B74C58B605}"
EndProject
Project("{FAE04EC0-301F-11D3-BF4B-00C04F79EFBC}") = "WinUi3WindowApp", "WinUi3WindowApp\WinUi3WindowApp\WinUi3WindowApp.csproj", "{3DC04D59-99B0-40D4-8E82-B2919F6DE07D}"
EndProject
Project("{FAE04EC0-301F-11D3-BF4B-00C04F79EFBC}") = "UWPWindowApp", "UWPWindowApp\UWPWindowApp.csproj", "{71511CC7-CCDC-4473-9E01-483F4350FAEC}"
EndProject
Global
	GlobalSection(SolutionConfigurationPlatforms) = preSolution
		Debug|Any CPU = Debug|Any CPU
		Debug|ARM = Debug|ARM
		Debug|arm64 = Debug|arm64
		Debug|x64 = Debug|x64
		Debug|x86 = Debug|x86
		Release|Any CPU = Release|Any CPU
		Release|ARM = Release|ARM
		Release|arm64 = Release|arm64
		Release|x64 = Release|x64
		Release|x86 = Release|x86
	EndGlobalSection
	GlobalSection(ProjectConfigurationPlatforms) = postSolution
		{1491B468-918A-4813-9217-959C9B17D848}.Debug|Any CPU.ActiveCfg = Debug|Any CPU
		{1491B468-918A-4813-9217-959C9B17D848}.Debug|Any CPU.Build.0 = Debug|Any CPU
		{1491B468-918A-4813-9217-959C9B17D848}.Debug|ARM.ActiveCfg = Debug|Any CPU
		{1491B468-918A-4813-9217-959C9B17D848}.Debug|ARM.Build.0 = Debug|Any CPU
		{1491B468-918A-4813-9217-959C9B17D848}.Debug|arm64.ActiveCfg = Debug|Any CPU
		{1491B468-918A-4813-9217-959C9B17D848}.Debug|arm64.Build.0 = Debug|Any CPU
		{1491B468-918A-4813-9217-959C9B17D848}.Debug|x64.ActiveCfg = Debug|Any CPU
		{1491B468-918A-4813-9217-959C9B17D848}.Debug|x64.Build.0 = Debug|Any CPU
		{1491B468-918A-4813-9217-959C9B17D848}.Debug|x86.ActiveCfg = Debug|Any CPU
		{1491B468-918A-4813-9217-959C9B17D848}.Debug|x86.Build.0 = Debug|Any CPU
		{1491B468-918A-4813-9217-959C9B17D848}.Release|Any CPU.ActiveCfg = Release|Any CPU
		{1491B468-918A-4813-9217-959C9B17D848}.Release|Any CPU.Build.0 = Release|Any CPU
		{1491B468-918A-4813-9217-959C9B17D848}.Release|ARM.ActiveCfg = Release|Any CPU
		{1491B468-918A-4813-9217-959C9B17D848}.Release|ARM.Build.0 = Release|Any CPU
		{1491B468-918A-4813-9217-959C9B17D848}.Release|arm64.ActiveCfg = Release|Any CPU
		{1491B468-918A-4813-9217-959C9B17D848}.Release|arm64.Build.0 = Release|Any CPU
		{1491B468-918A-4813-9217-959C9B17D848}.Release|x64.ActiveCfg = Release|Any CPU
		{1491B468-918A-4813-9217-959C9B17D848}.Release|x64.Build.0 = Release|Any CPU
		{1491B468-918A-4813-9217-959C9B17D848}.Release|x86.ActiveCfg = Release|Any CPU
		{1491B468-918A-4813-9217-959C9B17D848}.Release|x86.Build.0 = Release|Any CPU
		{3DFCB7AF-D145-4519-8F6B-83287F36B9AA}.Debug|Any CPU.ActiveCfg = Debug|Any CPU
		{3DFCB7AF-D145-4519-8F6B-83287F36B9AA}.Debug|Any CPU.Build.0 = Debug|Any CPU
		{3DFCB7AF-D145-4519-8F6B-83287F36B9AA}.Debug|ARM.ActiveCfg = Debug|Any CPU
		{3DFCB7AF-D145-4519-8F6B-83287F36B9AA}.Debug|ARM.Build.0 = Debug|Any CPU
		{3DFCB7AF-D145-4519-8F6B-83287F36B9AA}.Debug|arm64.ActiveCfg = Debug|Any CPU
		{3DFCB7AF-D145-4519-8F6B-83287F36B9AA}.Debug|arm64.Build.0 = Debug|Any CPU
		{3DFCB7AF-D145-4519-8F6B-83287F36B9AA}.Debug|x64.ActiveCfg = Debug|Any CPU
		{3DFCB7AF-D145-4519-8F6B-83287F36B9AA}.Debug|x64.Build.0 = Debug|Any CPU
		{3DFCB7AF-D145-4519-8F6B-83287F36B9AA}.Debug|x86.ActiveCfg = Debug|Any CPU
		{3DFCB7AF-D145-4519-8F6B-83287F36B9AA}.Debug|x86.Build.0 = Debug|Any CPU
		{3DFCB7AF-D145-4519-8F6B-83287F36B9AA}.Release|Any CPU.ActiveCfg = Release|Any CPU
		{3DFCB7AF-D145-4519-8F6B-83287F36B9AA}.Release|Any CPU.Build.0 = Release|Any CPU
		{3DFCB7AF-D145-4519-8F6B-83287F36B9AA}.Release|ARM.ActiveCfg = Release|Any CPU
		{3DFCB7AF-D145-4519-8F6B-83287F36B9AA}.Release|ARM.Build.0 = Release|Any CPU
		{3DFCB7AF-D145-4519-8F6B-83287F36B9AA}.Release|arm64.ActiveCfg = Release|Any CPU
		{3DFCB7AF-D145-4519-8F6B-83287F36B9AA}.Release|arm64.Build.0 = Release|Any CPU
		{3DFCB7AF-D145-4519-8F6B-83287F36B9AA}.Release|x64.ActiveCfg = Release|Any CPU
		{3DFCB7AF-D145-4519-8F6B-83287F36B9AA}.Release|x64.Build.0 = Release|Any CPU
		{3DFCB7AF-D145-4519-8F6B-83287F36B9AA}.Release|x86.ActiveCfg = Release|Any CPU
		{3DFCB7AF-D145-4519-8F6B-83287F36B9AA}.Release|x86.Build.0 = Release|Any CPU
		{8F063888-17EA-4EA7-B58A-83235E3A4E3A}.Debug|Any CPU.ActiveCfg = Debug|Any CPU
		{8F063888-17EA-4EA7-B58A-83235E3A4E3A}.Debug|Any CPU.Build.0 = Debug|Any CPU
		{8F063888-17EA-4EA7-B58A-83235E3A4E3A}.Debug|ARM.ActiveCfg = Debug|Any CPU
		{8F063888-17EA-4EA7-B58A-83235E3A4E3A}.Debug|ARM.Build.0 = Debug|Any CPU
		{8F063888-17EA-4EA7-B58A-83235E3A4E3A}.Debug|arm64.ActiveCfg = Debug|Any CPU
		{8F063888-17EA-4EA7-B58A-83235E3A4E3A}.Debug|arm64.Build.0 = Debug|Any CPU
		{8F063888-17EA-4EA7-B58A-83235E3A4E3A}.Debug|x64.ActiveCfg = Debug|Any CPU
		{8F063888-17EA-4EA7-B58A-83235E3A4E3A}.Debug|x64.Build.0 = Debug|Any CPU
		{8F063888-17EA-4EA7-B58A-83235E3A4E3A}.Debug|x86.ActiveCfg = Debug|Any CPU
		{8F063888-17EA-4EA7-B58A-83235E3A4E3A}.Debug|x86.Build.0 = Debug|Any CPU
		{8F063888-17EA-4EA7-B58A-83235E3A4E3A}.Release|Any CPU.ActiveCfg = Release|Any CPU
		{8F063888-17EA-4EA7-B58A-83235E3A4E3A}.Release|Any CPU.Build.0 = Release|Any CPU
		{8F063888-17EA-4EA7-B58A-83235E3A4E3A}.Release|ARM.ActiveCfg = Release|Any CPU
		{8F063888-17EA-4EA7-B58A-83235E3A4E3A}.Release|ARM.Build.0 = Release|Any CPU
		{8F063888-17EA-4EA7-B58A-83235E3A4E3A}.Release|arm64.ActiveCfg = Release|Any CPU
		{8F063888-17EA-4EA7-B58A-83235E3A4E3A}.Release|arm64.Build.0 = Release|Any CPU
		{8F063888-17EA-4EA7-B58A-83235E3A4E3A}.Release|x64.ActiveCfg = Release|Any CPU
		{8F063888-17EA-4EA7-B58A-83235E3A4E3A}.Release|x64.Build.0 = Release|Any CPU
		{8F063888-17EA-4EA7-B58A-83235E3A4E3A}.Release|x86.ActiveCfg = Release|Any CPU
		{8F063888-17EA-4EA7-B58A-83235E3A4E3A}.Release|x86.Build.0 = Release|Any CPU
		{CB5E934A-816D-48B7-B21D-8D411F3DF558}.Debug|Any CPU.ActiveCfg = Debug|Any CPU
		{CB5E934A-816D-48B7-B21D-8D411F3DF558}.Debug|Any CPU.Build.0 = Debug|Any CPU
		{CB5E934A-816D-48B7-B21D-8D411F3DF558}.Debug|ARM.ActiveCfg = Debug|Any CPU
		{CB5E934A-816D-48B7-B21D-8D411F3DF558}.Debug|ARM.Build.0 = Debug|Any CPU
		{CB5E934A-816D-48B7-B21D-8D411F3DF558}.Debug|arm64.ActiveCfg = Debug|Any CPU
		{CB5E934A-816D-48B7-B21D-8D411F3DF558}.Debug|arm64.Build.0 = Debug|Any CPU
		{CB5E934A-816D-48B7-B21D-8D411F3DF558}.Debug|x64.ActiveCfg = Debug|Any CPU
		{CB5E934A-816D-48B7-B21D-8D411F3DF558}.Debug|x64.Build.0 = Debug|Any CPU
		{CB5E934A-816D-48B7-B21D-8D411F3DF558}.Debug|x86.ActiveCfg = Debug|Any CPU
		{CB5E934A-816D-48B7-B21D-8D411F3DF558}.Debug|x86.Build.0 = Debug|Any CPU
		{CB5E934A-816D-48B7-B21D-8D411F3DF558}.Release|Any CPU.ActiveCfg = Release|Any CPU
		{CB5E934A-816D-48B7-B21D-8D411F3DF558}.Release|Any CPU.Build.0 = Release|Any CPU
		{CB5E934A-816D-48B7-B21D-8D411F3DF558}.Release|ARM.ActiveCfg = Release|Any CPU
		{CB5E934A-816D-48B7-B21D-8D411F3DF558}.Release|ARM.Build.0 = Release|Any CPU
		{CB5E934A-816D-48B7-B21D-8D411F3DF558}.Release|arm64.ActiveCfg = Release|Any CPU
		{CB5E934A-816D-48B7-B21D-8D411F3DF558}.Release|arm64.Build.0 = Release|Any CPU
		{CB5E934A-816D-48B7-B21D-8D411F3DF558}.Release|x64.ActiveCfg = Release|Any CPU
		{CB5E934A-816D-48B7-B21D-8D411F3DF558}.Release|x64.Build.0 = Release|Any CPU
		{CB5E934A-816D-48B7-B21D-8D411F3DF558}.Release|x86.ActiveCfg = Release|Any CPU
		{CB5E934A-816D-48B7-B21D-8D411F3DF558}.Release|x86.Build.0 = Release|Any CPU
		{F25A3BAB-3A49-49A9-9E2C-6AD01A7559D9}.Debug|Any CPU.ActiveCfg = Debug|Any CPU
		{F25A3BAB-3A49-49A9-9E2C-6AD01A7559D9}.Debug|Any CPU.Build.0 = Debug|Any CPU
		{F25A3BAB-3A49-49A9-9E2C-6AD01A7559D9}.Debug|ARM.ActiveCfg = Debug|Any CPU
		{F25A3BAB-3A49-49A9-9E2C-6AD01A7559D9}.Debug|ARM.Build.0 = Debug|Any CPU
		{F25A3BAB-3A49-49A9-9E2C-6AD01A7559D9}.Debug|arm64.ActiveCfg = Debug|Any CPU
		{F25A3BAB-3A49-49A9-9E2C-6AD01A7559D9}.Debug|arm64.Build.0 = Debug|Any CPU
		{F25A3BAB-3A49-49A9-9E2C-6AD01A7559D9}.Debug|x64.ActiveCfg = Debug|Any CPU
		{F25A3BAB-3A49-49A9-9E2C-6AD01A7559D9}.Debug|x64.Build.0 = Debug|Any CPU
		{F25A3BAB-3A49-49A9-9E2C-6AD01A7559D9}.Debug|x86.ActiveCfg = Debug|Any CPU
		{F25A3BAB-3A49-49A9-9E2C-6AD01A7559D9}.Debug|x86.Build.0 = Debug|Any CPU
		{F25A3BAB-3A49-49A9-9E2C-6AD01A7559D9}.Release|Any CPU.ActiveCfg = Release|Any CPU
		{F25A3BAB-3A49-49A9-9E2C-6AD01A7559D9}.Release|Any CPU.Build.0 = Release|Any CPU
		{F25A3BAB-3A49-49A9-9E2C-6AD01A7559D9}.Release|ARM.ActiveCfg = Release|Any CPU
		{F25A3BAB-3A49-49A9-9E2C-6AD01A7559D9}.Release|ARM.Build.0 = Release|Any CPU
		{F25A3BAB-3A49-49A9-9E2C-6AD01A7559D9}.Release|arm64.ActiveCfg = Release|Any CPU
		{F25A3BAB-3A49-49A9-9E2C-6AD01A7559D9}.Release|arm64.Build.0 = Release|Any CPU
		{F25A3BAB-3A49-49A9-9E2C-6AD01A7559D9}.Release|x64.ActiveCfg = Release|Any CPU
		{F25A3BAB-3A49-49A9-9E2C-6AD01A7559D9}.Release|x64.Build.0 = Release|Any CPU
		{F25A3BAB-3A49-49A9-9E2C-6AD01A7559D9}.Release|x86.ActiveCfg = Release|Any CPU
		{F25A3BAB-3A49-49A9-9E2C-6AD01A7559D9}.Release|x86.Build.0 = Release|Any CPU
		{89A96989-8319-4D65-806B-A5434AE1767C}.Debug|Any CPU.ActiveCfg = Debug|Any CPU
		{89A96989-8319-4D65-806B-A5434AE1767C}.Debug|Any CPU.Build.0 = Debug|Any CPU
		{89A96989-8319-4D65-806B-A5434AE1767C}.Debug|ARM.ActiveCfg = Debug|Any CPU
		{89A96989-8319-4D65-806B-A5434AE1767C}.Debug|ARM.Build.0 = Debug|Any CPU
		{89A96989-8319-4D65-806B-A5434AE1767C}.Debug|arm64.ActiveCfg = Debug|Any CPU
		{89A96989-8319-4D65-806B-A5434AE1767C}.Debug|arm64.Build.0 = Debug|Any CPU
		{89A96989-8319-4D65-806B-A5434AE1767C}.Debug|x64.ActiveCfg = Debug|Any CPU
		{89A96989-8319-4D65-806B-A5434AE1767C}.Debug|x64.Build.0 = Debug|Any CPU
		{89A96989-8319-4D65-806B-A5434AE1767C}.Debug|x86.ActiveCfg = Debug|Any CPU
		{89A96989-8319-4D65-806B-A5434AE1767C}.Debug|x86.Build.0 = Debug|Any CPU
		{89A96989-8319-4D65-806B-A5434AE1767C}.Release|Any CPU.ActiveCfg = Release|Any CPU
		{89A96989-8319-4D65-806B-A5434AE1767C}.Release|Any CPU.Build.0 = Release|Any CPU
		{89A96989-8319-4D65-806B-A5434AE1767C}.Release|ARM.ActiveCfg = Release|Any CPU
		{89A96989-8319-4D65-806B-A5434AE1767C}.Release|ARM.Build.0 = Release|Any CPU
		{89A96989-8319-4D65-806B-A5434AE1767C}.Release|arm64.ActiveCfg = Release|Any CPU
		{89A96989-8319-4D65-806B-A5434AE1767C}.Release|arm64.Build.0 = Release|Any CPU
		{89A96989-8319-4D65-806B-A5434AE1767C}.Release|x64.ActiveCfg = Release|Any CPU
		{89A96989-8319-4D65-806B-A5434AE1767C}.Release|x64.Build.0 = Release|Any CPU
		{89A96989-8319-4D65-806B-A5434AE1767C}.Release|x86.ActiveCfg = Release|Any CPU
		{89A96989-8319-4D65-806B-A5434AE1767C}.Release|x86.Build.0 = Release|Any CPU
		{CFC09A9F-9D84-4CE0-AF1A-285ED153D3D9}.Debug|Any CPU.ActiveCfg = Debug|Any CPU
		{CFC09A9F-9D84-4CE0-AF1A-285ED153D3D9}.Debug|Any CPU.Build.0 = Debug|Any CPU
		{CFC09A9F-9D84-4CE0-AF1A-285ED153D3D9}.Debug|ARM.ActiveCfg = Debug|Any CPU
		{CFC09A9F-9D84-4CE0-AF1A-285ED153D3D9}.Debug|ARM.Build.0 = Debug|Any CPU
		{CFC09A9F-9D84-4CE0-AF1A-285ED153D3D9}.Debug|arm64.ActiveCfg = Debug|Any CPU
		{CFC09A9F-9D84-4CE0-AF1A-285ED153D3D9}.Debug|arm64.Build.0 = Debug|Any CPU
		{CFC09A9F-9D84-4CE0-AF1A-285ED153D3D9}.Debug|x64.ActiveCfg = Debug|Any CPU
		{CFC09A9F-9D84-4CE0-AF1A-285ED153D3D9}.Debug|x64.Build.0 = Debug|Any CPU
		{CFC09A9F-9D84-4CE0-AF1A-285ED153D3D9}.Debug|x86.ActiveCfg = Debug|Any CPU
		{CFC09A9F-9D84-4CE0-AF1A-285ED153D3D9}.Debug|x86.Build.0 = Debug|Any CPU
		{CFC09A9F-9D84-4CE0-AF1A-285ED153D3D9}.Release|Any CPU.ActiveCfg = Release|Any CPU
		{CFC09A9F-9D84-4CE0-AF1A-285ED153D3D9}.Release|Any CPU.Build.0 = Release|Any CPU
		{CFC09A9F-9D84-4CE0-AF1A-285ED153D3D9}.Release|ARM.ActiveCfg = Release|Any CPU
		{CFC09A9F-9D84-4CE0-AF1A-285ED153D3D9}.Release|ARM.Build.0 = Release|Any CPU
		{CFC09A9F-9D84-4CE0-AF1A-285ED153D3D9}.Release|arm64.ActiveCfg = Release|Any CPU
		{CFC09A9F-9D84-4CE0-AF1A-285ED153D3D9}.Release|arm64.Build.0 = Release|Any CPU
		{CFC09A9F-9D84-4CE0-AF1A-285ED153D3D9}.Release|x64.ActiveCfg = Release|Any CPU
		{CFC09A9F-9D84-4CE0-AF1A-285ED153D3D9}.Release|x64.Build.0 = Release|Any CPU
		{CFC09A9F-9D84-4CE0-AF1A-285ED153D3D9}.Release|x86.ActiveCfg = Release|Any CPU
		{CFC09A9F-9D84-4CE0-AF1A-285ED153D3D9}.Release|x86.Build.0 = Release|Any CPU
		{CFA996BA-F50E-4A6B-9707-266592B74CDA}.Debug|Any CPU.ActiveCfg = Debug|Any CPU
		{CFA996BA-F50E-4A6B-9707-266592B74CDA}.Debug|Any CPU.Build.0 = Debug|Any CPU
		{CFA996BA-F50E-4A6B-9707-266592B74CDA}.Debug|ARM.ActiveCfg = Debug|Any CPU
		{CFA996BA-F50E-4A6B-9707-266592B74CDA}.Debug|ARM.Build.0 = Debug|Any CPU
		{CFA996BA-F50E-4A6B-9707-266592B74CDA}.Debug|arm64.ActiveCfg = Debug|Any CPU
		{CFA996BA-F50E-4A6B-9707-266592B74CDA}.Debug|arm64.Build.0 = Debug|Any CPU
		{CFA996BA-F50E-4A6B-9707-266592B74CDA}.Debug|x64.ActiveCfg = Debug|Any CPU
		{CFA996BA-F50E-4A6B-9707-266592B74CDA}.Debug|x64.Build.0 = Debug|Any CPU
		{CFA996BA-F50E-4A6B-9707-266592B74CDA}.Debug|x86.ActiveCfg = Debug|Any CPU
		{CFA996BA-F50E-4A6B-9707-266592B74CDA}.Debug|x86.Build.0 = Debug|Any CPU
		{CFA996BA-F50E-4A6B-9707-266592B74CDA}.Release|Any CPU.ActiveCfg = Release|Any CPU
		{CFA996BA-F50E-4A6B-9707-266592B74CDA}.Release|Any CPU.Build.0 = Release|Any CPU
		{CFA996BA-F50E-4A6B-9707-266592B74CDA}.Release|ARM.ActiveCfg = Release|Any CPU
		{CFA996BA-F50E-4A6B-9707-266592B74CDA}.Release|ARM.Build.0 = Release|Any CPU
		{CFA996BA-F50E-4A6B-9707-266592B74CDA}.Release|arm64.ActiveCfg = Release|Any CPU
		{CFA996BA-F50E-4A6B-9707-266592B74CDA}.Release|arm64.Build.0 = Release|Any CPU
		{CFA996BA-F50E-4A6B-9707-266592B74CDA}.Release|x64.ActiveCfg = Release|Any CPU
		{CFA996BA-F50E-4A6B-9707-266592B74CDA}.Release|x64.Build.0 = Release|Any CPU
		{CFA996BA-F50E-4A6B-9707-266592B74CDA}.Release|x86.ActiveCfg = Release|Any CPU
		{CFA996BA-F50E-4A6B-9707-266592B74CDA}.Release|x86.Build.0 = Release|Any CPU
		{92547393-1DB9-4104-B14F-04D8B9458B3A}.Debug|Any CPU.ActiveCfg = Debug|Any CPU
		{92547393-1DB9-4104-B14F-04D8B9458B3A}.Debug|Any CPU.Build.0 = Debug|Any CPU
		{92547393-1DB9-4104-B14F-04D8B9458B3A}.Debug|ARM.ActiveCfg = Debug|Any CPU
		{92547393-1DB9-4104-B14F-04D8B9458B3A}.Debug|ARM.Build.0 = Debug|Any CPU
		{92547393-1DB9-4104-B14F-04D8B9458B3A}.Debug|arm64.ActiveCfg = Debug|Any CPU
		{92547393-1DB9-4104-B14F-04D8B9458B3A}.Debug|arm64.Build.0 = Debug|Any CPU
		{92547393-1DB9-4104-B14F-04D8B9458B3A}.Debug|x64.ActiveCfg = Debug|Any CPU
		{92547393-1DB9-4104-B14F-04D8B9458B3A}.Debug|x64.Build.0 = Debug|Any CPU
		{92547393-1DB9-4104-B14F-04D8B9458B3A}.Debug|x86.ActiveCfg = Debug|Any CPU
		{92547393-1DB9-4104-B14F-04D8B9458B3A}.Debug|x86.Build.0 = Debug|Any CPU
		{92547393-1DB9-4104-B14F-04D8B9458B3A}.Release|Any CPU.ActiveCfg = Release|Any CPU
		{92547393-1DB9-4104-B14F-04D8B9458B3A}.Release|Any CPU.Build.0 = Release|Any CPU
		{92547393-1DB9-4104-B14F-04D8B9458B3A}.Release|ARM.ActiveCfg = Release|Any CPU
		{92547393-1DB9-4104-B14F-04D8B9458B3A}.Release|ARM.Build.0 = Release|Any CPU
		{92547393-1DB9-4104-B14F-04D8B9458B3A}.Release|arm64.ActiveCfg = Release|Any CPU
		{92547393-1DB9-4104-B14F-04D8B9458B3A}.Release|arm64.Build.0 = Release|Any CPU
		{92547393-1DB9-4104-B14F-04D8B9458B3A}.Release|x64.ActiveCfg = Release|Any CPU
		{92547393-1DB9-4104-B14F-04D8B9458B3A}.Release|x64.Build.0 = Release|Any CPU
		{92547393-1DB9-4104-B14F-04D8B9458B3A}.Release|x86.ActiveCfg = Release|Any CPU
		{92547393-1DB9-4104-B14F-04D8B9458B3A}.Release|x86.Build.0 = Release|Any CPU
		{863CDDAD-0B42-4F56-984D-F3C68181A5A3}.Debug|Any CPU.ActiveCfg = Debug|Any CPU
		{863CDDAD-0B42-4F56-984D-F3C68181A5A3}.Debug|Any CPU.Build.0 = Debug|Any CPU
		{863CDDAD-0B42-4F56-984D-F3C68181A5A3}.Debug|ARM.ActiveCfg = Debug|Any CPU
		{863CDDAD-0B42-4F56-984D-F3C68181A5A3}.Debug|ARM.Build.0 = Debug|Any CPU
		{863CDDAD-0B42-4F56-984D-F3C68181A5A3}.Debug|arm64.ActiveCfg = Debug|Any CPU
		{863CDDAD-0B42-4F56-984D-F3C68181A5A3}.Debug|arm64.Build.0 = Debug|Any CPU
		{863CDDAD-0B42-4F56-984D-F3C68181A5A3}.Debug|x64.ActiveCfg = Debug|Any CPU
		{863CDDAD-0B42-4F56-984D-F3C68181A5A3}.Debug|x64.Build.0 = Debug|Any CPU
		{863CDDAD-0B42-4F56-984D-F3C68181A5A3}.Debug|x86.ActiveCfg = Debug|Any CPU
		{863CDDAD-0B42-4F56-984D-F3C68181A5A3}.Debug|x86.Build.0 = Debug|Any CPU
		{863CDDAD-0B42-4F56-984D-F3C68181A5A3}.Release|Any CPU.ActiveCfg = Release|Any CPU
		{863CDDAD-0B42-4F56-984D-F3C68181A5A3}.Release|Any CPU.Build.0 = Release|Any CPU
		{863CDDAD-0B42-4F56-984D-F3C68181A5A3}.Release|ARM.ActiveCfg = Release|Any CPU
		{863CDDAD-0B42-4F56-984D-F3C68181A5A3}.Release|ARM.Build.0 = Release|Any CPU
		{863CDDAD-0B42-4F56-984D-F3C68181A5A3}.Release|arm64.ActiveCfg = Release|Any CPU
		{863CDDAD-0B42-4F56-984D-F3C68181A5A3}.Release|arm64.Build.0 = Release|Any CPU
		{863CDDAD-0B42-4F56-984D-F3C68181A5A3}.Release|x64.ActiveCfg = Release|Any CPU
		{863CDDAD-0B42-4F56-984D-F3C68181A5A3}.Release|x64.Build.0 = Release|Any CPU
		{863CDDAD-0B42-4F56-984D-F3C68181A5A3}.Release|x86.ActiveCfg = Release|Any CPU
		{863CDDAD-0B42-4F56-984D-F3C68181A5A3}.Release|x86.Build.0 = Release|Any CPU
		{C82CE5F6-2108-4A28-BAD4-81B74C58B605}.Debug|Any CPU.ActiveCfg = Debug|x64
		{C82CE5F6-2108-4A28-BAD4-81B74C58B605}.Debug|Any CPU.Build.0 = Debug|x64
		{C82CE5F6-2108-4A28-BAD4-81B74C58B605}.Debug|Any CPU.Deploy.0 = Debug|x64
		{C82CE5F6-2108-4A28-BAD4-81B74C58B605}.Debug|ARM.ActiveCfg = Debug|x64
		{C82CE5F6-2108-4A28-BAD4-81B74C58B605}.Debug|ARM.Build.0 = Debug|x64
		{C82CE5F6-2108-4A28-BAD4-81B74C58B605}.Debug|ARM.Deploy.0 = Debug|x64
		{C82CE5F6-2108-4A28-BAD4-81B74C58B605}.Debug|arm64.ActiveCfg = Debug|arm64
		{C82CE5F6-2108-4A28-BAD4-81B74C58B605}.Debug|arm64.Build.0 = Debug|arm64
		{C82CE5F6-2108-4A28-BAD4-81B74C58B605}.Debug|arm64.Deploy.0 = Debug|arm64
		{C82CE5F6-2108-4A28-BAD4-81B74C58B605}.Debug|x64.ActiveCfg = Debug|x64
		{C82CE5F6-2108-4A28-BAD4-81B74C58B605}.Debug|x64.Build.0 = Debug|x64
		{C82CE5F6-2108-4A28-BAD4-81B74C58B605}.Debug|x64.Deploy.0 = Debug|x64
		{C82CE5F6-2108-4A28-BAD4-81B74C58B605}.Debug|x86.ActiveCfg = Debug|x86
		{C82CE5F6-2108-4A28-BAD4-81B74C58B605}.Debug|x86.Build.0 = Debug|x86
		{C82CE5F6-2108-4A28-BAD4-81B74C58B605}.Debug|x86.Deploy.0 = Debug|x86
		{C82CE5F6-2108-4A28-BAD4-81B74C58B605}.Release|Any CPU.ActiveCfg = Release|x64
		{C82CE5F6-2108-4A28-BAD4-81B74C58B605}.Release|Any CPU.Build.0 = Release|x64
		{C82CE5F6-2108-4A28-BAD4-81B74C58B605}.Release|Any CPU.Deploy.0 = Release|x64
		{C82CE5F6-2108-4A28-BAD4-81B74C58B605}.Release|ARM.ActiveCfg = Release|x64
		{C82CE5F6-2108-4A28-BAD4-81B74C58B605}.Release|ARM.Build.0 = Release|x64
		{C82CE5F6-2108-4A28-BAD4-81B74C58B605}.Release|ARM.Deploy.0 = Release|x64
		{C82CE5F6-2108-4A28-BAD4-81B74C58B605}.Release|arm64.ActiveCfg = Release|arm64
		{C82CE5F6-2108-4A28-BAD4-81B74C58B605}.Release|arm64.Build.0 = Release|arm64
		{C82CE5F6-2108-4A28-BAD4-81B74C58B605}.Release|arm64.Deploy.0 = Release|arm64
		{C82CE5F6-2108-4A28-BAD4-81B74C58B605}.Release|x64.ActiveCfg = Release|x64
		{C82CE5F6-2108-4A28-BAD4-81B74C58B605}.Release|x64.Build.0 = Release|x64
		{C82CE5F6-2108-4A28-BAD4-81B74C58B605}.Release|x64.Deploy.0 = Release|x64
		{C82CE5F6-2108-4A28-BAD4-81B74C58B605}.Release|x86.ActiveCfg = Release|x86
		{C82CE5F6-2108-4A28-BAD4-81B74C58B605}.Release|x86.Build.0 = Release|x86
		{C82CE5F6-2108-4A28-BAD4-81B74C58B605}.Release|x86.Deploy.0 = Release|x86
		{3DC04D59-99B0-40D4-8E82-B2919F6DE07D}.Debug|Any CPU.ActiveCfg = Debug|x64
		{3DC04D59-99B0-40D4-8E82-B2919F6DE07D}.Debug|Any CPU.Build.0 = Debug|x64
		{3DC04D59-99B0-40D4-8E82-B2919F6DE07D}.Debug|ARM.ActiveCfg = Debug|x64
		{3DC04D59-99B0-40D4-8E82-B2919F6DE07D}.Debug|ARM.Build.0 = Debug|x64
		{3DC04D59-99B0-40D4-8E82-B2919F6DE07D}.Debug|arm64.ActiveCfg = Debug|arm64
		{3DC04D59-99B0-40D4-8E82-B2919F6DE07D}.Debug|arm64.Build.0 = Debug|arm64
		{3DC04D59-99B0-40D4-8E82-B2919F6DE07D}.Debug|x64.ActiveCfg = Debug|x64
		{3DC04D59-99B0-40D4-8E82-B2919F6DE07D}.Debug|x64.Build.0 = Debug|x64
		{3DC04D59-99B0-40D4-8E82-B2919F6DE07D}.Debug|x86.ActiveCfg = Debug|x86
		{3DC04D59-99B0-40D4-8E82-B2919F6DE07D}.Debug|x86.Build.0 = Debug|x86
		{3DC04D59-99B0-40D4-8E82-B2919F6DE07D}.Release|Any CPU.ActiveCfg = Release|x64
		{3DC04D59-99B0-40D4-8E82-B2919F6DE07D}.Release|Any CPU.Build.0 = Release|x64
		{3DC04D59-99B0-40D4-8E82-B2919F6DE07D}.Release|ARM.ActiveCfg = Release|x64
		{3DC04D59-99B0-40D4-8E82-B2919F6DE07D}.Release|ARM.Build.0 = Release|x64
		{3DC04D59-99B0-40D4-8E82-B2919F6DE07D}.Release|arm64.ActiveCfg = Release|arm64
		{3DC04D59-99B0-40D4-8E82-B2919F6DE07D}.Release|arm64.Build.0 = Release|arm64
		{3DC04D59-99B0-40D4-8E82-B2919F6DE07D}.Release|x64.ActiveCfg = Release|x64
		{3DC04D59-99B0-40D4-8E82-B2919F6DE07D}.Release|x64.Build.0 = Release|x64
		{3DC04D59-99B0-40D4-8E82-B2919F6DE07D}.Release|x86.ActiveCfg = Release|x86
		{3DC04D59-99B0-40D4-8E82-B2919F6DE07D}.Release|x86.Build.0 = Release|x86
		{71511CC7-CCDC-4473-9E01-483F4350FAEC}.Debug|Any CPU.ActiveCfg = Debug|x64
		{71511CC7-CCDC-4473-9E01-483F4350FAEC}.Debug|Any CPU.Build.0 = Debug|x64
		{71511CC7-CCDC-4473-9E01-483F4350FAEC}.Debug|Any CPU.Deploy.0 = Debug|x64
		{71511CC7-CCDC-4473-9E01-483F4350FAEC}.Debug|ARM.ActiveCfg = Debug|ARM
		{71511CC7-CCDC-4473-9E01-483F4350FAEC}.Debug|ARM.Build.0 = Debug|ARM
		{71511CC7-CCDC-4473-9E01-483F4350FAEC}.Debug|ARM.Deploy.0 = Debug|ARM
		{71511CC7-CCDC-4473-9E01-483F4350FAEC}.Debug|arm64.ActiveCfg = Debug|ARM64
		{71511CC7-CCDC-4473-9E01-483F4350FAEC}.Debug|arm64.Build.0 = Debug|ARM64
		{71511CC7-CCDC-4473-9E01-483F4350FAEC}.Debug|arm64.Deploy.0 = Debug|ARM64
		{71511CC7-CCDC-4473-9E01-483F4350FAEC}.Debug|x64.ActiveCfg = Debug|x64
		{71511CC7-CCDC-4473-9E01-483F4350FAEC}.Debug|x64.Build.0 = Debug|x64
		{71511CC7-CCDC-4473-9E01-483F4350FAEC}.Debug|x64.Deploy.0 = Debug|x64
		{71511CC7-CCDC-4473-9E01-483F4350FAEC}.Debug|x86.ActiveCfg = Debug|x86
		{71511CC7-CCDC-4473-9E01-483F4350FAEC}.Debug|x86.Build.0 = Debug|x86
		{71511CC7-CCDC-4473-9E01-483F4350FAEC}.Debug|x86.Deploy.0 = Debug|x86
		{71511CC7-CCDC-4473-9E01-483F4350FAEC}.Release|Any CPU.ActiveCfg = Release|x64
		{71511CC7-CCDC-4473-9E01-483F4350FAEC}.Release|Any CPU.Build.0 = Release|x64
		{71511CC7-CCDC-4473-9E01-483F4350FAEC}.Release|Any CPU.Deploy.0 = Release|x64
		{71511CC7-CCDC-4473-9E01-483F4350FAEC}.Release|ARM.ActiveCfg = Release|ARM
		{71511CC7-CCDC-4473-9E01-483F4350FAEC}.Release|ARM.Build.0 = Release|ARM
		{71511CC7-CCDC-4473-9E01-483F4350FAEC}.Release|ARM.Deploy.0 = Release|ARM
		{71511CC7-CCDC-4473-9E01-483F4350FAEC}.Release|arm64.ActiveCfg = Release|ARM64
		{71511CC7-CCDC-4473-9E01-483F4350FAEC}.Release|arm64.Build.0 = Release|ARM64
		{71511CC7-CCDC-4473-9E01-483F4350FAEC}.Release|arm64.Deploy.0 = Release|ARM64
		{71511CC7-CCDC-4473-9E01-483F4350FAEC}.Release|x64.ActiveCfg = Release|x64
		{71511CC7-CCDC-4473-9E01-483F4350FAEC}.Release|x64.Build.0 = Release|x64
		{71511CC7-CCDC-4473-9E01-483F4350FAEC}.Release|x64.Deploy.0 = Release|x64
		{71511CC7-CCDC-4473-9E01-483F4350FAEC}.Release|x86.ActiveCfg = Release|x86
		{71511CC7-CCDC-4473-9E01-483F4350FAEC}.Release|x86.Build.0 = Release|x86
		{71511CC7-CCDC-4473-9E01-483F4350FAEC}.Release|x86.Deploy.0 = Release|x86
	EndGlobalSection
	GlobalSection(SolutionProperties) = preSolution
		HideSolutionNode = FALSE
	EndGlobalSection
	GlobalSection(NestedProjects) = preSolution
		{01C7FC33-97FF-44ED-B901-D2D81CF1B75E} = {CEFBA140-A6F1-463E-8ACB-AC6E36850449}
		{C64F17D9-9636-4149-BC48-79851B05BB69} = {6EE0D3F7-8F42-47BE-A165-B1A72567567B}
		{C32F1D21-7EAD-45A7-8885-BC85BC29FA90} = {CEFBA140-A6F1-463E-8ACB-AC6E36850449}
		{CB5E934A-816D-48B7-B21D-8D411F3DF558} = {C32F1D21-7EAD-45A7-8885-BC85BC29FA90}
		{F25A3BAB-3A49-49A9-9E2C-6AD01A7559D9} = {01C7FC33-97FF-44ED-B901-D2D81CF1B75E}
		{89A96989-8319-4D65-806B-A5434AE1767C} = {C32F1D21-7EAD-45A7-8885-BC85BC29FA90}
		{CFC09A9F-9D84-4CE0-AF1A-285ED153D3D9} = {C32F1D21-7EAD-45A7-8885-BC85BC29FA90}
		{1585B333-2D6F-4C9C-92A8-7447AA429027} = {CEFBA140-A6F1-463E-8ACB-AC6E36850449}
		{92547393-1DB9-4104-B14F-04D8B9458B3A} = {1585B333-2D6F-4C9C-92A8-7447AA429027}
		{C82CE5F6-2108-4A28-BAD4-81B74C58B605} = {6CC4F47C-8E4B-4C84-A2C9-343874885BB3}
		{3DC04D59-99B0-40D4-8E82-B2919F6DE07D} = {6CC4F47C-8E4B-4C84-A2C9-343874885BB3}
	EndGlobalSection
	GlobalSection(ExtensibilityGlobals) = postSolution
		SolutionGuid = {7F81E214-494D-4965-89B2-5DD336C2789E}
	EndGlobalSection
EndGlobal
